
Microsoft Visual Studio Solution File, Format Version 12.00
# Visual Studio Version 17
VisualStudioVersion = 17.14.36518.9
MinimumVisualStudioVersion = 10.0.40219.1
Project("{2150E333-8FDC-42A3-9474-1A3956D46DE8}") = "src", "src", "{02EA681E-C7D8-13C7-8484-4AC65E1B71E8}"
EndProject
Project("{2150E333-8FDC-42A3-9474-1A3956D46DE8}") = "Building Blocks", "Building Blocks", "{0A57C271-22C3-4210-BB8F-89A6A1999054}"
EndProject
Project("{2150E333-8FDC-42A3-9474-1A3956D46DE8}") = "Services", "Services", "{87902905-546D-4B0D-9D84-2BF6AFE074FA}"
EndProject
Project("{2150E333-8FDC-42A3-9474-1A3956D46DE8}") = "Web", "Web", "{AC11D7CC-C486-4F52-A70F-0F670034EB3E}"
EndProject
Project("{2150E333-8FDC-42A3-9474-1A3956D46DE8}") = "Identidade", "Identidade", "{F153FF5D-33F6-452C-9243-1CFC3E8756D6}"
EndProject
Project("{FAE04EC0-301F-11D3-BF4B-00C04F79EFBC}") = "NSE.Indentidade.API", "src\services\NSE.Indentidade.API\NSE.Indentidade.API.csproj", "{D4B66DE5-19B5-48C8-8713-2B7A92381B53}"
EndProject
Project("{2150E333-8FDC-42A3-9474-1A3956D46DE8}") = "MVC", "MVC", "{A71BD0F5-5C3E-4C05-90A7-9BAE2A0285F5}"
EndProject
Project("{2150E333-8FDC-42A3-9474-1A3956D46DE8}") = "Core", "Core", "{26FB19ED-F204-40C4-BD3D-FA371E43B6BD}"
EndProject
Project("{FAE04EC0-301F-11D3-BF4B-00C04F79EFBC}") = "NSE.Core", "src\building.blocks\NSE.Core\NSE.Core.csproj", "{787770C8-F0CF-4242-BF34-85F91A3B3788}"
EndProject
Project("{2150E333-8FDC-42A3-9474-1A3956D46DE8}") = "Carrinho", "Carrinho", "{7D57A109-9BF2-4870-A159-6312AB3826A7}"
EndProject
Project("{FAE04EC0-301F-11D3-BF4B-00C04F79EFBC}") = "NSE.Carrinho.API", "src\services\NSE.Carrinho.API\NSE.Carrinho.API.csproj", "{2EF30BCF-8EA4-4ED5-B9F6-512B72762743}"
EndProject
Project("{2150E333-8FDC-42A3-9474-1A3956D46DE8}") = "Cliente", "Cliente", "{BBE3F019-4929-4FEB-9737-B75C53D07B55}"
EndProject
Project("{FAE04EC0-301F-11D3-BF4B-00C04F79EFBC}") = "NSE.Cliente.API", "src\services\NSE.Cliente.API\NSE.Cliente.API.csproj", "{923C661E-8452-41DB-94AC-59DB60A6CB9C}"
EndProject
Project("{2150E333-8FDC-42A3-9474-1A3956D46DE8}") = "Catalogo", "Catalogo", "{0458BEDF-527A-4936-99AD-BDC9E555FF15}"
EndProject
Project("{FAE04EC0-301F-11D3-BF4B-00C04F79EFBC}") = "NSE.Catalogo.API", "src\services\NSE.Catalogo.API\NSE.Catalogo.API.csproj", "{867D6DD3-2100-4B99-BE21-471A68C1BEA6}"
EndProject
Project("{2150E333-8FDC-42A3-9474-1A3956D46DE8}") = "Pagamento", "Pagamento", "{698500A0-077C-439C-932D-D42CD228DACC}"
EndProject
Project("{FAE04EC0-301F-11D3-BF4B-00C04F79EFBC}") = "NSE.Pagamento.API", "NSE.Pagamento.API\NSE.Pagamento.API.csproj", "{BD0EFE02-1BED-4BBC-AF5A-71B82140EF17}"
EndProject
Project("{2150E333-8FDC-42A3-9474-1A3956D46DE8}") = "Pedido", "Pedido", "{29777871-6077-4E59-86F7-C6EC69421FD8}"
EndProject
Project("{FAE04EC0-301F-11D3-BF4B-00C04F79EFBC}") = "NSE.Pedido.API", "src\services\NSE.Pedido.API\NSE.Pedido.API.csproj", "{421188EE-64A2-42FD-B975-74CA9BA7E510}"
EndProject
Project("{FAE04EC0-301F-11D3-BF4B-00C04F79EFBC}") = "NSE.WebApp.MVC", "src\web\NSE.WebApp.MVC\NSE.WebApp.MVC.csproj", "{AB326E37-B0B7-4261-A6E0-1BB9D3EB9902}"
EndProject
Global
	GlobalSection(SolutionConfigurationPlatforms) = preSolution
		Debug|Any CPU = Debug|Any CPU
		Release|Any CPU = Release|Any CPU
	EndGlobalSection
	GlobalSection(ProjectConfigurationPlatforms) = postSolution
		{D4B66DE5-19B5-48C8-8713-2B7A92381B53}.Debug|Any CPU.ActiveCfg = Debug|Any CPU
		{D4B66DE5-19B5-48C8-8713-2B7A92381B53}.Debug|Any CPU.Build.0 = Debug|Any CPU
		{D4B66DE5-19B5-48C8-8713-2B7A92381B53}.Release|Any CPU.ActiveCfg = Release|Any CPU
		{D4B66DE5-19B5-48C8-8713-2B7A92381B53}.Release|Any CPU.Build.0 = Release|Any CPU
		{787770C8-F0CF-4242-BF34-85F91A3B3788}.Debug|Any CPU.ActiveCfg = Debug|Any CPU
		{787770C8-F0CF-4242-BF34-85F91A3B3788}.Debug|Any CPU.Build.0 = Debug|Any CPU
		{787770C8-F0CF-4242-BF34-85F91A3B3788}.Release|Any CPU.ActiveCfg = Release|Any CPU
		{787770C8-F0CF-4242-BF34-85F91A3B3788}.Release|Any CPU.Build.0 = Release|Any CPU
		{2EF30BCF-8EA4-4ED5-B9F6-512B72762743}.Debug|Any CPU.ActiveCfg = Debug|Any CPU
		{2EF30BCF-8EA4-4ED5-B9F6-512B72762743}.Debug|Any CPU.Build.0 = Debug|Any CPU
		{2EF30BCF-8EA4-4ED5-B9F6-512B72762743}.Release|Any CPU.ActiveCfg = Release|Any CPU
		{2EF30BCF-8EA4-4ED5-B9F6-512B72762743}.Release|Any CPU.Build.0 = Release|Any CPU
		{923C661E-8452-41DB-94AC-59DB60A6CB9C}.Debug|Any CPU.ActiveCfg = Debug|Any CPU
		{923C661E-8452-41DB-94AC-59DB60A6CB9C}.Debug|Any CPU.Build.0 = Debug|Any CPU
		{923C661E-8452-41DB-94AC-59DB60A6CB9C}.Release|Any CPU.ActiveCfg = Release|Any CPU
		{923C661E-8452-41DB-94AC-59DB60A6CB9C}.Release|Any CPU.Build.0 = Release|Any CPU
		{867D6DD3-2100-4B99-BE21-471A68C1BEA6}.Debug|Any CPU.ActiveCfg = Debug|Any CPU
		{867D6DD3-2100-4B99-BE21-471A68C1BEA6}.Debug|Any CPU.Build.0 = Debug|Any CPU
		{867D6DD3-2100-4B99-BE21-471A68C1BEA6}.Release|Any CPU.ActiveCfg = Release|Any CPU
		{867D6DD3-2100-4B99-BE21-471A68C1BEA6}.Release|Any CPU.Build.0 = Release|Any CPU
		{BD0EFE02-1BED-4BBC-AF5A-71B82140EF17}.Debug|Any CPU.ActiveCfg = Debug|Any CPU
		{BD0EFE02-1BED-4BBC-AF5A-71B82140EF17}.Debug|Any CPU.Build.0 = Debug|Any CPU
		{BD0EFE02-1BED-4BBC-AF5A-71B82140EF17}.Release|Any CPU.ActiveCfg = Release|Any CPU
		{BD0EFE02-1BED-4BBC-AF5A-71B82140EF17}.Release|Any CPU.Build.0 = Release|Any CPU
		{421188EE-64A2-42FD-B975-74CA9BA7E510}.Debug|Any CPU.ActiveCfg = Debug|Any CPU
		{421188EE-64A2-42FD-B975-74CA9BA7E510}.Debug|Any CPU.Build.0 = Debug|Any CPU
		{421188EE-64A2-42FD-B975-74CA9BA7E510}.Release|Any CPU.ActiveCfg = Release|Any CPU
		{421188EE-64A2-42FD-B975-74CA9BA7E510}.Release|Any CPU.Build.0 = Release|Any CPU
		{AB326E37-B0B7-4261-A6E0-1BB9D3EB9902}.Debug|Any CPU.ActiveCfg = Debug|Any CPU
		{AB326E37-B0B7-4261-A6E0-1BB9D3EB9902}.Debug|Any CPU.Build.0 = Debug|Any CPU
		{AB326E37-B0B7-4261-A6E0-1BB9D3EB9902}.Release|Any CPU.ActiveCfg = Release|Any CPU
		{AB326E37-B0B7-4261-A6E0-1BB9D3EB9902}.Release|Any CPU.Build.0 = Release|Any CPU
	EndGlobalSection
	GlobalSection(SolutionProperties) = preSolution
		HideSolutionNode = FALSE
	EndGlobalSection
	GlobalSection(NestedProjects) = preSolution
		{0A57C271-22C3-4210-BB8F-89A6A1999054} = {02EA681E-C7D8-13C7-8484-4AC65E1B71E8}
		{87902905-546D-4B0D-9D84-2BF6AFE074FA} = {02EA681E-C7D8-13C7-8484-4AC65E1B71E8}
		{AC11D7CC-C486-4F52-A70F-0F670034EB3E} = {02EA681E-C7D8-13C7-8484-4AC65E1B71E8}
		{F153FF5D-33F6-452C-9243-1CFC3E8756D6} = {87902905-546D-4B0D-9D84-2BF6AFE074FA}
		{D4B66DE5-19B5-48C8-8713-2B7A92381B53} = {F153FF5D-33F6-452C-9243-1CFC3E8756D6}
		{A71BD0F5-5C3E-4C05-90A7-9BAE2A0285F5} = {AC11D7CC-C486-4F52-A70F-0F670034EB3E}
		{26FB19ED-F204-40C4-BD3D-FA371E43B6BD} = {0A57C271-22C3-4210-BB8F-89A6A1999054}
		{787770C8-F0CF-4242-BF34-85F91A3B3788} = {26FB19ED-F204-40C4-BD3D-FA371E43B6BD}
		{7D57A109-9BF2-4870-A159-6312AB3826A7} = {87902905-546D-4B0D-9D84-2BF6AFE074FA}
		{2EF30BCF-8EA4-4ED5-B9F6-512B72762743} = {7D57A109-9BF2-4870-A159-6312AB3826A7}
		{BBE3F019-4929-4FEB-9737-B75C53D07B55} = {87902905-546D-4B0D-9D84-2BF6AFE074FA}
		{923C661E-8452-41DB-94AC-59DB60A6CB9C} = {BBE3F019-4929-4FEB-9737-B75C53D07B55}
		{0458BEDF-527A-4936-99AD-BDC9E555FF15} = {87902905-546D-4B0D-9D84-2BF6AFE074FA}
		{867D6DD3-2100-4B99-BE21-471A68C1BEA6} = {0458BEDF-527A-4936-99AD-BDC9E555FF15}
		{698500A0-077C-439C-932D-D42CD228DACC} = {87902905-546D-4B0D-9D84-2BF6AFE074FA}
		{BD0EFE02-1BED-4BBC-AF5A-71B82140EF17} = {698500A0-077C-439C-932D-D42CD228DACC}
		{29777871-6077-4E59-86F7-C6EC69421FD8} = {87902905-546D-4B0D-9D84-2BF6AFE074FA}
		{421188EE-64A2-42FD-B975-74CA9BA7E510} = {29777871-6077-4E59-86F7-C6EC69421FD8}
		{AB326E37-B0B7-4261-A6E0-1BB9D3EB9902} = {A71BD0F5-5C3E-4C05-90A7-9BAE2A0285F5}
	EndGlobalSection
	GlobalSection(ExtensibilityGlobals) = postSolution
		SolutionGuid = {E7F6FD09-B822-4C93-BD07-7494453FFA48}
	EndGlobalSection
EndGlobal
